dario.cat/mergo v1.0.1/go.mod h1:uNxQE+84aUszobStD9th8a29P2fMDhsBdgRYvZOxGmk=
github.com/AdaLogics/go-fuzz-headers v0.0.0-20240806141605-e8a1dd7889d6/go.mod h1:8o94RPi1/7XTJvwPpRSzSUedZrtlirdB3r9Z20bi2f8=
github.com/AdamKorcz/go-118-fuzz-build v0.0.0-20240914100643-eb91380d8434/go.mod h1:n+tj8pffsLO7fLdcrnbfl444A2OwGv8a6ISsac75Wow=
github.com/Azure/go-ansiterm v0.0.0-20250102033503-faa5f7b0171c/go.mod h1:xomTg63KZ2rFqZQzSB4Vz2SUXa1BpHTVz9L5PTmPC4E=
github.com/BobuSumisu/aho-corasick v1.0.3/go.mod h1:hm4jLcvZKI2vRF2WDU1N4p/jpWtpOzp3nLmi9AzX/XE=
github.com/BurntSushi/toml v1.5.0/go.mod h1:ukJfTF/6rtPPRCnwkur4qwRxa8vTRFBF0uk2lLoLwho=
github.com/Checkmarx/containers-images-extractor v1.0.8/go.mod h1:ZtOqhzlErPr2QL9xGjMmxwGvzXUwi+G5BBeOfdY62Ug=
github.com/Checkmarx/containers-resolver v1.0.9/go.mod h1:7H1kGpc6EQ9mndAYdYKnDrBOWiC4Ej31NKBp+IIarEE=
github.com/Checkmarx/containers-resolver v1.0.11/go.mod h1:6mFXOzJr6FSQ2NEwrkTofaADcGpW48rp9Pl97n92RcM=
github.com/Checkmarx/containers-syft-packages-extractor v1.0.11/go.mod h1:F9FFBVNmogF0wR9SVI0wRU9dZ9Ux3IZtZl3T24sQ/8E=
github.com/Checkmarx/gen-ai-prompts v0.0.0-20240807143411-708ceec12b63/go.mod h1:MI6lfLerXU+5eTV/EPTDavgnV3owz3GPT4g/msZBWPo=
github.com/acobaugh/osrelease v0.1.0/go.mod h1:4bFEs0MtgHNHBrmHCt67gNisnabCRAlzdVasCEGHTWY=
github.com/adrg/xdg v0.5.3/go.mod h1:nlTsY+NNiCBGCK2tpm09vRqfVzrc2fLmXGpBLF0zlTQ=
github.com/agext/levenshtein v1.2.3/go.mod h1:JEDfjyjHDjOF/1e4FlBE/PkbqA9OfWu2ki2W0IB5558=
github.com/anchore/archiver/v3 v3.5.3-0.20241210171143-5b1d8d1c7c51/go.mod h1:nwuGSd7aZp0rtYt79YggCGafz1RYsclE7pi3fhLwvuw=
github.com/anchore/packageurl-go v0.1.1-0.20250220190351-d62adb6e1115/go.mod h1:KoYIv7tdP5+CC9VGkeZV4/vGCKsY55VvoG+5dadg4YI=
github.com/anchore/stereoscope v0.1.0/go.mod h1:3vasimie0IJOXvMbMpjwvwIHBDA1+192QZDWNhJRqFQ=
github.com/anchore/syft v1.21.0/go.mod h1:8i8Yp/MiSOdqID0+6eiwE9bOJWM7fEBYitINZyr2G6s=
github.com/andybalholm/brotli v1.1.2-0.20250424173009-453214e765f3/go.mod h1:05ib4cKhjx3OQYUY22hTVd34Bc8upXjOLL2rKwwZBoA=
github.com/apparentlymart/go-textseg/v15 v15.0.0/go.mod h1:K8XmNZdhEBkdlyDdvbmmsvpAG721bKi0joRfFdHIWJ4=
github.com/aquasecurity/go-pep440-version v0.0.1/go.mod h1:3naPe+Bp6wi3n4l5iBFCZgS0JG8vY6FT0H4NGhFJ+i4=
github.com/aquasecurity/go-version v0.0.1/go.mod h1:s1UU6/v2hctXcOa3OLwfj5d9yoXHa3ahf+ipSwEvGT0=
github.com/asaskevich/govalidator v0.0.0-20230301143203-a9d515a09cc2/go.mod h1:WaHUgvxTVq04UNunO+XhnAqY/wQc+bxr74GqbsZ/Jqw=
github.com/aymanbagabas/go-osc52/v2 v2.0.1/go.mod h1:uYgXzlJ7ZpABp8OJ+exZzJJhRNQ2ASbcXHWsFqH8hp8=
github.com/becheran/wildmatch-go v1.0.0/go.mod h1:gbMvj0NtVdJ15Mg/mH9uxk2R1QCistMyU7d9KFzroX4=
github.com/bitnami/go-version v0.0.0-20250324202741-04b9d491e744/go.mod h1:9iglf1GG4oNRJ39bZ5AZrjgAFD2RwQbXw6Qf7Cs47wo=
github.com/blang/semver/v4 v4.0.0/go.mod h1:IbckMUScFkM3pff0VJDNKRiT6TG/YpiHIM2yvyW5YoQ=
github.com/google/go-cmp v0.5.9/go.mod h1:17dUlkBOakJ0+DkrSSNjCkIjxS6bF9zb3elmeNGIjoY=
github.com/xyproto/randomstring v1.0.5/go.mod h1:rgmS5DeNXLivK7YprL0pY+lTuhNQW3iGxZ18UQApw/E=
golang.org/x/sys v0.0.0-20210616094352-59db8d763f22/go.mod h1:oPkhp1MJrh7nUepCBck5+mAzfO9JrbApNNgaTdGDITg=
golang.org/x/text v0.24.0/go.mod h1:L8rBsPeo2pSS+xqN0d5u2ikmjtmoJbDBT1b7nHvFCdU=
gopkg.in/check.v1 v0.0.0-20161208181325-20d25e280405/go.mod h1:Co6ibVJAznAaIkqp8huTwlJQCZ016jof/cbN4VW5Yz0=
gopkg.in/yaml.v3 v3.0.1/go.mod h1:K4uyk7z7BCEPqu6E+C64Yfv1cQ7kz7rIZviUmN+EgEM=
gotest.tools v2.2.0+incompatible/go.mod h1:DsYFclhRJ6vuDpmuTbkuFWG+y2sxOXAzmJt81HFBacw=
helm.sh/helm/v3 v3.18.2/go.mod h1:43QHS1W97RcoFJRk36ZBhHdTfykqBlJdsWp3yhzdq8w=
k8s.io/api v0.33.0/go.mod h1:CTO61ECK/KU7haa3qq8sarQ0biLq2ju405IZAd9zsiM=
k8s.io/apiextensions-apiserver v0.33.0/go.mod h1:VeJ8u9dEEN+tbETo+lFkwaaZPg6uFKLGj5vyNEwwSzc=
k8s.io/apimachinery v0.33.0/go.mod h1:BHW0YOu7n22fFv/JkYOEfkUYNRN0fj0BlvMFWA7b+SM=
k8s.io/kube-openapi v0.0.0-20250318190949-c8a335a9a2ff/go.mod h1:5jIi+8yX4RIb8wk3XwBo5Pq2ccx4FP10ohkbSKCZoK8=
sigs.k8s.io/yaml v1.4.0/go.mod h1:Ejl7/uTz7PSA4eKMyQCUTnhZYNmLIl+5c2lQPGR2BPY=
